
Microsoft Visual Studio Solution File, Format Version 12.00
# Visual Studio 15
VisualStudioVersion = 15.0.27130.2003
MinimumVisualStudioVersion = 10.0.40219.1
Project("{FAE04EC0-301F-11D3-BF4B-00C04F79EFBC}") = "AskMe.Web", "AskMe.Web\AskMe.Web.csproj", "{FC1FF92D-91CF-4755-B7B0-ED8523FA9409}"
EndProject
Project("{FAE04EC0-301F-11D3-BF4B-00C04F79EFBC}") = "AskMe.Data", "AskMe.Data\AskMe.Data.csproj", "{D08B2099-602A-4A78-BEE1-070B120B095F}"
EndProject
Global
	GlobalSection(SolutionConfigurationPlatforms) = preSolution
		Debug|Any CPU = Debug|Any CPU
		Release|Any CPU = Release|Any CPU
	EndGlobalSection
	GlobalSection(ProjectConfigurationPlatforms) = postSolution
		{FC1FF92D-91CF-4755-B7B0-ED8523FA9409}.Debug|Any CPU.ActiveCfg = Debug|Any CPU
		{FC1FF92D-91CF-4755-B7B0-ED8523FA9409}.Debug|Any CPU.Build.0 = Debug|Any CPU
		{FC1FF92D-91CF-4755-B7B0-ED8523FA9409}.Release|Any CPU.ActiveCfg = Release|Any CPU
		{FC1FF92D-91CF-4755-B7B0-ED8523FA9409}.Release|Any CPU.Build.0 = Release|Any CPU
		{D08B2099-602A-4A78-BEE1-070B120B095F}.Debug|Any CPU.ActiveCfg = Debug|Any CPU
		{D08B2099-602A-4A78-BEE1-070B120B095F}.Debug|Any CPU.Build.0 = Debug|Any CPU
		{D08B2099-602A-4A78-BEE1-070B120B095F}.Release|Any CPU.ActiveCfg = Release|Any CPU
		{D08B2099-602A-4A78-BEE1-070B120B095F}.Release|Any CPU.Build.0 = Release|Any CPU
	EndGlobalSection
	GlobalSection(SolutionProperties) = preSolution
		HideSolutionNode = FALSE
	EndGlobalSection
	GlobalSection(ExtensibilityGlobals) = postSolution
		SolutionGuid = {461F0BC8-C270-41C1-9B90-D1CAA284A190}
	EndGlobalSection
EndGlobal
